
Microsoft Visual Studio Solution File, Format Version 12.00
# Visual Studio 15
VisualStudioVersion = 15.0.28010.2050
MinimumVisualStudioVersion = 10.0.40219.1
Project("{FAE04EC0-301F-11D3-BF4B-00C04F79EFBC}") = "day1", "day1\day1.csproj", "{25E107B7-02E8-4382-B735-C902E0F2DB29}"
EndProject
Global
	GlobalSection(SolutionConfigurationPlatforms) = preSolution
		Debug|Any CPU = Debug|Any CPU
		Release|Any CPU = Release|Any CPU
	EndGlobalSection
	GlobalSection(ProjectConfigurationPlatforms) = postSolution
		{25E107B7-02E8-4382-B735-C902E0F2DB29}.Debug|Any CPU.ActiveCfg = Debug|Any CPU
		{25E107B7-02E8-4382-B735-C902E0F2DB29}.Debug|Any CPU.Build.0 = Debug|Any CPU
		{25E107B7-02E8-4382-B735-C902E0F2DB29}.Release|Any CPU.ActiveCfg = Release|Any CPU
		{25E107B7-02E8-4382-B735-C902E0F2DB29}.Release|Any CPU.Build.0 = Release|Any CPU
	EndGlobalSection
	GlobalSection(SolutionProperties) = preSolution
		HideSolutionNode = FALSE
	EndGlobalSection
	GlobalSection(ExtensibilityGlobals) = postSolution
		SolutionGuid = {F3FA2E77-E38B-4EF7-AED5-95C63224D40F}
	EndGlobalSection
EndGlobal
