
Microsoft Visual Studio Solution File, Format Version 12.00
# Visual Studio 15
VisualStudioVersion = 15.0.28010.2050
MinimumVisualStudioVersion = 10.0.40219.1
Project("{FAE04EC0-301F-11D3-BF4B-00C04F79EFBC}") = "WhileTest", "WhileTest\WhileTest.csproj", "{D12BEC94-043C-4DFC-81C5-8BC664AC1199}"
EndProject
Global
	GlobalSection(SolutionConfigurationPlatforms) = preSolution
		Debug|Any CPU = Debug|Any CPU
		Release|Any CPU = Release|Any CPU
	EndGlobalSection
	GlobalSection(ProjectConfigurationPlatforms) = postSolution
		{D12BEC94-043C-4DFC-81C5-8BC664AC1199}.Debug|Any CPU.ActiveCfg = Debug|Any CPU
		{D12BEC94-043C-4DFC-81C5-8BC664AC1199}.Debug|Any CPU.Build.0 = Debug|Any CPU
		{D12BEC94-043C-4DFC-81C5-8BC664AC1199}.Release|Any CPU.ActiveCfg = Release|Any CPU
		{D12BEC94-043C-4DFC-81C5-8BC664AC1199}.Release|Any CPU.Build.0 = Release|Any CPU
	EndGlobalSection
	GlobalSection(SolutionProperties) = preSolution
		HideSolutionNode = FALSE
	EndGlobalSection
	GlobalSection(ExtensibilityGlobals) = postSolution
		SolutionGuid = {C43DF5F5-8F10-42DF-A823-4730D1AE3A42}
	EndGlobalSection
EndGlobal
