
Microsoft Visual Studio Solution File, Format Version 12.00
# Visual Studio 15
VisualStudioVersion = 15.0.28010.2050
MinimumVisualStudioVersion = 10.0.40219.1
Project("{FAE04EC0-301F-11D3-BF4B-00C04F79EFBC}") = "ConsoleApplication", "ConsoleApplication\ConsoleApplication.csproj", "{A70E01FD-77E0-405A-A769-F665573F7806}"
EndProject
Global
	GlobalSection(SolutionConfigurationPlatforms) = preSolution
		Debug|Any CPU = Debug|Any CPU
		Release|Any CPU = Release|Any CPU
	EndGlobalSection
	GlobalSection(ProjectConfigurationPlatforms) = postSolution
		{A70E01FD-77E0-405A-A769-F665573F7806}.Debug|Any CPU.ActiveCfg = Debug|Any CPU
		{A70E01FD-77E0-405A-A769-F665573F7806}.Debug|Any CPU.Build.0 = Debug|Any CPU
		{A70E01FD-77E0-405A-A769-F665573F7806}.Release|Any CPU.ActiveCfg = Release|Any CPU
		{A70E01FD-77E0-405A-A769-F665573F7806}.Release|Any CPU.Build.0 = Release|Any CPU
	EndGlobalSection
	GlobalSection(SolutionProperties) = preSolution
		HideSolutionNode = FALSE
	EndGlobalSection
	GlobalSection(ExtensibilityGlobals) = postSolution
		SolutionGuid = {0EE8C409-56B6-4875-A4AA-17D87BCBCA65}
	EndGlobalSection
EndGlobal
