
Microsoft Visual Studio Solution File, Format Version 12.00
# Visual Studio 15
VisualStudioVersion = 15.0.28010.2050
MinimumVisualStudioVersion = 10.0.40219.1
Project("{FAE04EC0-301F-11D3-BF4B-00C04F79EFBC}") = "BitOper", "BitOper\BitOper.csproj", "{CAD58BEF-88DD-4859-86AA-08FC98A28E5C}"
EndProject
Global
	GlobalSection(SolutionConfigurationPlatforms) = preSolution
		Debug|Any CPU = Debug|Any CPU
		Release|Any CPU = Release|Any CPU
	EndGlobalSection
	GlobalSection(ProjectConfigurationPlatforms) = postSolution
		{CAD58BEF-88DD-4859-86AA-08FC98A28E5C}.Debug|Any CPU.ActiveCfg = Debug|Any CPU
		{CAD58BEF-88DD-4859-86AA-08FC98A28E5C}.Debug|Any CPU.Build.0 = Debug|Any CPU
		{CAD58BEF-88DD-4859-86AA-08FC98A28E5C}.Release|Any CPU.ActiveCfg = Release|Any CPU
		{CAD58BEF-88DD-4859-86AA-08FC98A28E5C}.Release|Any CPU.Build.0 = Release|Any CPU
	EndGlobalSection
	GlobalSection(SolutionProperties) = preSolution
		HideSolutionNode = FALSE
	EndGlobalSection
	GlobalSection(ExtensibilityGlobals) = postSolution
		SolutionGuid = {F13524E5-60DA-44A9-9769-AFE2DC577394}
	EndGlobalSection
EndGlobal
